<?xml version="1.0" encoding="utf-8"?>
<Project ToolsVersion="4.0" xmlns="http://schemas.microsoft.com/developer/msbuild/2003">
  <ItemGroup>
    <Filter Include="Shading">
      <UniqueIdentifier>{6c293007-0034-4f48-9acd-56406be97bf1}</UniqueIdentifier>
    </Filter>
    <Filter Include="Objects">
      <UniqueIdentifier>{a4220cc3-5d35-4738-85e6-e528e0ed0b6b}</UniqueIdentifier>
    </Filter>
    <Filter Include="RayTracer">
      <UniqueIdentifier>{618306f0-fa3c-437f-b9c2-5f91c164e741}</UniqueIdentifier>
    </Filter>
    <Filter Include="Scene">
      <UniqueIdentifier>{af57eab2-bec6-4afe-bdc7-9063ab2f2b9f}</UniqueIdentifier>
    </Filter>
    <Filter Include="Parser">
      <UniqueIdentifier>{e34bf9ac-b922-4adc-9bda-e144f3e6f702}</UniqueIdentifier>
    </Filter>
    <Filter Include="Application">
      <UniqueIdentifier>{40a781af-9e9d-4286-93ff-7987b74096bc}</UniqueIdentifier>
    </Filter>
    <Filter Include="Utilities">
      <UniqueIdentifier>{0085ff45-8f5b-4f61-85ae-47bbd2c8a53a}</UniqueIdentifier>
    </Filter>
  </ItemGroup>
  <ItemGroup>
    <ClCompile Include="src\Application.cpp">
      <Filter>Application</Filter>
    </ClCompile>
    <ClCompile Include="src\BlinnPhongBRDF.cpp">
      <Filter>Shading</Filter>
    </ClCompile>
    <ClCompile Include="src\CookTorranceBRDF.cpp">
      <Filter>Shading</Filter>
    </ClCompile>
    <ClCompile Include="src\Plane.cpp">
      <Filter>Objects</Filter>
    </ClCompile>
    <ClCompile Include="src\Triangle.cpp">
      <Filter>Objects</Filter>
    </ClCompile>
    <ClCompile Include="src\Sphere.cpp">
      <Filter>Objects</Filter>
    </ClCompile>
    <ClCompile Include="src\Object.cpp">
      <Filter>Objects</Filter>
    </ClCompile>
    <ClCompile Include="src\SceneInfo.cpp">
      <Filter>Application</Filter>
    </ClCompile>
    <ClCompile Include="src\RayTracer.cpp">
      <Filter>RayTracer</Filter>
    </ClCompile>
    <ClCompile Include="src\main.cpp">
      <Filter>Application</Filter>
    </ClCompile>
    <ClCompile Include="src\Camera.cpp">
      <Filter>Scene</Filter>
    </ClCompile>
    <ClCompile Include="lib\parser\Parser.cpp">
      <Filter>Parser</Filter>
    </ClCompile>
    <ClCompile Include="lib\parser\Tokenizer.cpp">
      <Filter>Parser</Filter>
    </ClCompile>
    <ClCompile Include="lib\parser\TokenStream.cpp">
      <Filter>Parser</Filter>
    </ClCompile>
    <ClCompile Include="src\Renderer.cpp">
      <Filter>Application</Filter>
    </ClCompile>
    <ClCompile Include="src\Scene.cpp">
      <Filter>Scene</Filter>
    </ClCompile>
    <ClCompile Include="src\RayInfo.cpp">
      <Filter>Application</Filter>
    </ClCompile>
    <ClCompile Include="src\Util.cpp">
      <Filter>Utilities</Filter>
    </ClCompile>
    <ClCompile Include="src\Pixel.cpp">
      <Filter>RayTracer</Filter>
    </ClCompile>
  </ItemGroup>
  <ItemGroup>
    <ClInclude Include="src\Application.hpp">
      <Filter>Application</Filter>
    </ClInclude>
    <ClInclude Include="src\BlinnPhongBRDF.hpp">
      <Filter>Shading</Filter>
    </ClInclude>
    <ClInclude Include="src\CookTorranceBRDF.hpp">
      <Filter>Shading</Filter>
    </ClInclude>
    <ClInclude Include="src\BRDF.hpp">
      <Filter>Shading</Filter>
    </ClInclude>
    <ClInclude Include="src\Plane.hpp">
      <Filter>Objects</Filter>
    </ClInclude>
    <ClInclude Include="src\Triangle.hpp">
      <Filter>Objects</Filter>
    </ClInclude>
    <ClInclude Include="src\Sphere.hpp">
      <Filter>Objects</Filter>
    </ClInclude>
    <ClInclude Include="src\Object.hpp">
      <Filter>Objects</Filter>
    </ClInclude>
    <ClInclude Include="src\SceneInfo.hpp">
      <Filter>Application</Filter>
    </ClInclude>
    <ClInclude Include="src\RayTracer.hpp">
      <Filter>RayTracer</Filter>
    </ClInclude>
    <ClInclude Include="src\Camera.hpp">
      <Filter>Scene</Filter>
    </ClInclude>
    <ClInclude Include="src\Light.hpp">
      <Filter>Scene</Filter>
    </ClInclude>
    <ClInclude Include="lib\parser\Objects.hpp">
      <Filter>Parser</Filter>
    </ClInclude>
    <ClInclude Include="lib\parser\parse_error.hpp">
      <Filter>Parser</Filter>
    </ClInclude>
    <ClInclude Include="lib\parser\Parser.hpp">
      <Filter>Parser</Filter>
    </ClInclude>
    <ClInclude Include="lib\parser\Tokenizer.hpp">
      <Filter>Parser</Filter>
    </ClInclude>
    <ClInclude Include="lib\parser\TokenStream.hpp">
      <Filter>Parser</Filter>
    </ClInclude>
    <ClInclude Include="src\Renderer.hpp">
      <Filter>Application</Filter>
    </ClInclude>
    <ClInclude Include="src\Scene.hpp">
      <Filter>Scene</Filter>
    </ClInclude>
    <ClInclude Include="src\RayInfo.hpp">
      <Filter>Application</Filter>
    </ClInclude>
    <ClInclude Include="src\Util.hpp">
      <Filter>Utilities</Filter>
    </ClInclude>
    <ClInclude Include="src\Params.hpp">
      <Filter>Utilities</Filter>
    </ClInclude>
    <ClInclude Include="src\Ray.hpp">
      <Filter>Utilities</Filter>
    </ClInclude>
    <ClInclude Include="src\RayTraceResults.hpp">
      <Filter>RayTracer</Filter>
    </ClInclude>
    <ClInclude Include="src\PixelContext.hpp">
      <Filter>RayTracer</Filter>
    </ClInclude>
    <ClInclude Include="src\Pixel.hpp">
      <Filter>RayTracer</Filter>
    </ClInclude>
  </ItemGroup>
</Project>